// !$*UTF8*$!
{
	archiveVersion = 1;
	classes = {
	};
	objectVersion = 77;
	objects = {

/* Begin PBXBuildFile section */
		C10000000000000000000021 /* FirebaseCore in Frameworks */ = {isa = PBXBuildFile; productRef = C10000000000000000000011 /* FirebaseCore */; };
		C10000000000000000000022 /* FirebaseAuth in Frameworks */ = {isa = PBXBuildFile; productRef = C10000000000000000000012 /* FirebaseAuth */; };
		C10000000000000000000023 /* FirebaseFirestore in Frameworks */ = {isa = PBXBuildFile; productRef = C10000000000000000000013 /* FirebaseFirestore */; };
		C10000000000000000000025 /* FirebaseMessaging in Frameworks */ = {isa = PBXBuildFile; productRef = C10000000000000000000015 /* FirebaseMessaging */; };
		C10000000000000000000026 /* FirebaseFunctions in Frameworks */ = {isa = PBXBuildFile; productRef = C10000000000000000000016 /* FirebaseFunctions */; };
		C10000000000000000000027 /* FirebaseStorage in Frameworks */ = {isa = PBXBuildFile; productRef = C10000000000000000000017 /* FirebaseStorage */; };
		C10000000000000000000028 /* FirebaseCrashlytics in Frameworks */ = {isa = PBXBuildFile; productRef = C10000000000000000000018 /* FirebaseCrashlytics */; };
		C10000000000000000000029 /* FirebasePerformance in Frameworks */ = {isa = PBXBuildFile; productRef = C10000000000000000000019 /* FirebasePerformance */; };
		C20000000000000000000002 /* Lottie in Frameworks */ = {isa = PBXBuildFile; productRef = C20000000000000000000001 /* Lottie */; };
/* End PBXBuildFile section */

/* Begin PBXContainerItemProxy section */
		D10000000000000000000006 /* PBXContainerItemProxy */ = {
			isa = PBXContainerItemProxy;
			containerPortal = BFCB65592F48FEF000CF07DA /* Project object */;
			proxyType = 1;
			remoteGlobalIDString = BFCB65602F48FEF000CF07DA;
			remoteInfo = LoveSaving;
		};
		E10000000000000000000006 /* PBXContainerItemProxy */ = {
			isa = PBXContainerItemProxy;
			containerPortal = BFCB65592F48FEF000CF07DA /* Project object */;
			proxyType = 1;
			remoteGlobalIDString = BFCB65602F48FEF000CF07DA;
			remoteInfo = LoveSaving;
		};
/* End PBXContainerItemProxy section */

/* Begin PBXFileReference section */
		BFCB65612F48FEF000CF07DA /* LoveSaving.app */ = {isa = PBXFileReference; explicitFileType = wrapper.application; includeInIndex = 0; path = LoveSaving.app; sourceTree = BUILT_PRODUCTS_DIR; };
		D10000000000000000000001 /* LoveSavingTests.xctest */ = {isa = PBXFileReference; explicitFileType = wrapper.cfbundle; includeInIndex = 0; path = LoveSavingTests.xctest; sourceTree = BUILT_PRODUCTS_DIR; };
		E10000000000000000000001 /* LoveSavingUITests.xctest */ = {isa = PBXFileReference; explicitFileType = wrapper.cfbundle; includeInIndex = 0; path = LoveSavingUITests.xctest; sourceTree = BUILT_PRODUCTS_DIR; };
/* End PBXFileReference section */

/* Begin PBXFileSystemSynchronizedRootGroup section */
		BFCB65632F48FEF000CF07DA /* LoveSaving */ = {
			isa = PBXFileSystemSynchronizedRootGroup;
			path = LoveSaving;
			sourceTree = "<group>";
		};
		D10000000000000000000002 /* LoveSavingTests */ = {
			isa = PBXFileSystemSynchronizedRootGroup;
			path = LoveSavingTests;
			sourceTree = "<group>";
		};
		E10000000000000000000002 /* LoveSavingUITests */ = {
			isa = PBXFileSystemSynchronizedRootGroup;
			path = LoveSavingUITests;
			sourceTree = "<group>";
		};
/* End PBXFileSystemSynchronizedRootGroup section */

/* Begin PBXFrameworksBuildPhase section */
		BFCB655E2F48FEF000CF07DA /* Frameworks */ = {
			isa = PBXFrameworksBuildPhase;
			buildActionMask = 2147483647;
			files = (
				C20000000000000000000002 /* Lottie in Frameworks */,
				C10000000000000000000022 /* FirebaseAuth in Frameworks */,
				C10000000000000000000021 /* FirebaseCore in Frameworks */,
				C10000000000000000000023 /* FirebaseFirestore in Frameworks */,
				C10000000000000000000026 /* FirebaseFunctions in Frameworks */,
				C10000000000000000000025 /* FirebaseMessaging in Frameworks */,
				C10000000000000000000028 /* FirebaseCrashlytics in Frameworks */,
				C10000000000000000000029 /* FirebasePerformance in Frameworks */,
				C10000000000000000000027 /* FirebaseStorage in Frameworks */,
			);
			runOnlyForDeploymentPostprocessing = 0;
		};
		D10000000000000000000003 /* Frameworks */ = {
			isa = PBXFrameworksBuildPhase;
			buildActionMask = 2147483647;
			files = (
			);
			runOnlyForDeploymentPostprocessing = 0;
		};
		E10000000000000000000003 /* Frameworks */ = {
			isa = PBXFrameworksBuildPhase;
			buildActionMask = 2147483647;
			files = (
			);
			runOnlyForDeploymentPostprocessing = 0;
		};
/* End PBXFrameworksBuildPhase section */

/* Begin PBXGroup section */
		BFCB65582F48FEF000CF07DA = {
			isa = PBXGroup;
			children = (
				BFCB65632F48FEF000CF07DA /* LoveSaving */,
				D10000000000000000000002 /* LoveSavingTests */,
				E10000000000000000000002 /* LoveSavingUITests */,
				BFCB65622F48FEF000CF07DA /* Products */,
			);
			sourceTree = "<group>";
		};
		BFCB65622F48FEF000CF07DA /* Products */ = {
			isa = PBXGroup;
			children = (
				BFCB65612F48FEF000CF07DA /* LoveSaving.app */,
				D10000000000000000000001 /* LoveSavingTests.xctest */,
				E10000000000000000000001 /* LoveSavingUITests.xctest */,
			);
			name = Products;
			sourceTree = "<group>";
		};
/* End PBXGroup section */

/* Begin PBXNativeTarget section */
		BFCB65602F48FEF000CF07DA /* LoveSaving */ = {
			isa = PBXNativeTarget;
			buildConfigurationList = BFCB656C2F48FEF200CF07DA /* Build configuration list for PBXNativeTarget "LoveSaving" */;
			buildPhases = (
				BFCB655D2F48FEF000CF07DA /* Sources */,
				BFCB655E2F48FEF000CF07DA /* Frameworks */,
				BFCB655F2F48FEF000CF07DA /* Resources */,
				BF4D2C802F5D256E00105757 /* ShellScript */,
			);
			buildRules = (
			);
			dependencies = (
			);
			fileSystemSynchronizedGroups = (
				BFCB65632F48FEF000CF07DA /* LoveSaving */,
			);
			name = LoveSaving;
			packageProductDependencies = (
				C20000000000000000000001 /* Lottie */,
				C10000000000000000000012 /* FirebaseAuth */,
				C10000000000000000000011 /* FirebaseCore */,
				C10000000000000000000013 /* FirebaseFirestore */,
				C10000000000000000000016 /* FirebaseFunctions */,
				C10000000000000000000015 /* FirebaseMessaging */,
				C10000000000000000000018 /* FirebaseCrashlytics */,
				C10000000000000000000019 /* FirebasePerformance */,
				C10000000000000000000017 /* FirebaseStorage */,
			);
			productName = LoveSaving;
			productReference = BFCB65612F48FEF000CF07DA /* LoveSaving.app */;
			productType = "com.apple.product-type.application";
		};
		D10000000000000000000008 /* LoveSavingTests */ = {
			isa = PBXNativeTarget;
			buildConfigurationList = D10000000000000000000009 /* Build configuration list for PBXNativeTarget "LoveSavingTests" */;
			buildPhases = (
				D10000000000000000000005 /* Sources */,
				D10000000000000000000003 /* Frameworks */,
				D10000000000000000000004 /* Resources */,
			);
			buildRules = (
			);
			dependencies = (
				D10000000000000000000007 /* PBXTargetDependency */,
			);
			fileSystemSynchronizedGroups = (
				D10000000000000000000002 /* LoveSavingTests */,
			);
			name = LoveSavingTests;
			packageProductDependencies = (
			);
			productName = LoveSavingTests;
			productReference = D10000000000000000000001 /* LoveSavingTests.xctest */;
			productType = "com.apple.product-type.bundle.unit-test";
		};
		E10000000000000000000008 /* LoveSavingUITests */ = {
			isa = PBXNativeTarget;
			buildConfigurationList = E10000000000000000000009 /* Build configuration list for PBXNativeTarget "LoveSavingUITests" */;
			buildPhases = (
				E10000000000000000000005 /* Sources */,
				E10000000000000000000003 /* Frameworks */,
				E10000000000000000000004 /* Resources */,
			);
			buildRules = (
			);
			dependencies = (
				E10000000000000000000007 /* PBXTargetDependency */,
			);
			fileSystemSynchronizedGroups = (
				E10000000000000000000002 /* LoveSavingUITests */,
			);
			name = LoveSavingUITests;
			packageProductDependencies = (
			);
			productName = LoveSavingUITests;
			productReference = E10000000000000000000001 /* LoveSavingUITests.xctest */;
			productType = "com.apple.product-type.bundle.ui-testing";
		};
/* End PBXNativeTarget section */

/* Begin PBXProject section */
		BFCB65592F48FEF000CF07DA /* Project object */ = {
			isa = PBXProject;
			attributes = {
				BuildIndependentTargetsInParallel = 1;
				LastSwiftUpdateCheck = 2620;
				LastUpgradeCheck = 2620;
				TargetAttributes = {
					BFCB65602F48FEF000CF07DA = {
						CreatedOnToolsVersion = 26.2;
					};
					D10000000000000000000008 = {
						CreatedOnToolsVersion = 26.2;
						TestTargetID = BFCB65602F48FEF000CF07DA;
					};
					E10000000000000000000008 = {
						CreatedOnToolsVersion = 26.2;
						TestTargetID = BFCB65602F48FEF000CF07DA;
					};
				};
			};
			buildConfigurationList = BFCB655C2F48FEF000CF07DA /* Build configuration list for PBXProject "LoveSaving" */;
			developmentRegion = en;
			hasScannedForEncodings = 0;
			knownRegions = (
				en,
				Base,
			);
			mainGroup = BFCB65582F48FEF000CF07DA;
			minimizedProjectReferenceProxies = 1;
			packageReferences = (
				C10000000000000000000001 /* XCRemoteSwiftPackageReference "firebase-ios-sdk" */,
				C20000000000000000000000 /* XCRemoteSwiftPackageReference "lottie-spm" */,
			);
			preferredProjectObjectVersion = 77;
			productRefGroup = BFCB65622F48FEF000CF07DA /* Products */;
			projectDirPath = "";
			projectRoot = "";
			targets = (
				BFCB65602F48FEF000CF07DA /* LoveSaving */,
				D10000000000000000000008 /* LoveSavingTests */,
				E10000000000000000000008 /* LoveSavingUITests */,
			);
		};
/* End PBXProject section */

/* Begin PBXResourcesBuildPhase section */
		BFCB655F2F48FEF000CF07DA /* Resources */ = {
			isa = PBXResourcesBuildPhase;
			buildActionMask = 2147483647;
			files = (
			);
			runOnlyForDeploymentPostprocessing = 0;
		};
		D10000000000000000000004 /* Resources */ = {
			isa = PBXResourcesBuildPhase;
			buildActionMask = 2147483647;
			files = (
			);
			runOnlyForDeploymentPostprocessing = 0;
		};
		E10000000000000000000004 /* Resources */ = {
			isa = PBXResourcesBuildPhase;
			buildActionMask = 2147483647;
			files = (
			);
			runOnlyForDeploymentPostprocessing = 0;
		};
/* End PBXResourcesBuildPhase section */

/* Begin PBXShellScriptBuildPhase section */
		BF4D2C802F5D256E00105757 /* ShellScript */ = {
			isa = PBXShellScriptBuildPhase;
			alwaysOutOfDate = 1;
			buildActionMask = 2147483647;
			files = (
			);
			inputFileListPaths = (
			);
			inputPaths = (
				"${DWARF_DSYM_FOLDER_PATH}/${DWARF_DSYM_FILE_NAME}",
				"${DWARF_DSYM_FOLDER_PATH}/${DWARF_DSYM_FILE_NAME}/Contents/Resources/DWARF/${PRODUCT_NAME}",
				"${DWARF_DSYM_FOLDER_PATH}/${DWARF_DSYM_FILE_NAME}/Contents/Info.plist",
				"$(TARGET_BUILD_DIR)/$(UNLOCALIZED_RESOURCES_FOLDER_PATH)/GoogleService-Info.plist",
				"$(TARGET_BUILD_DIR)/$(EXECUTABLE_PATH)",
				"${DWARF_DSYM_FOLDER_PATH}/${DWARF_DSYM_FILE_NAME}/Contents/Resources/DWARF/${PRODUCT_NAME}.debug.dylib",
			);
			outputFileListPaths = (
			);
			outputPaths = (
			);
			runOnlyForDeploymentPostprocessing = 0;
			shellPath = /bin/sh;
			shellScript = "# Type a script or drag a script file from your workspace to insert its path.\n\"${BUILD_DIR%/Build/*}/SourcePackages/checkouts/firebase-ios-sdk/Crashlytics/run\"\n";
		};
/* End PBXShellScriptBuildPhase section */

/* Begin PBXSourcesBuildPhase section */
		BFCB655D2F48FEF000CF07DA /* Sources */ = {
			isa = PBXSourcesBuildPhase;
			buildActionMask = 2147483647;
			files = (
			);
			runOnlyForDeploymentPostprocessing = 0;
		};
		D10000000000000000000005 /* Sources */ = {
			isa = PBXSourcesBuildPhase;
			buildActionMask = 2147483647;
			files = (
			);
			runOnlyForDeploymentPostprocessing = 0;
		};
		E10000000000000000000005 /* Sources */ = {
			isa = PBXSourcesBuildPhase;
			buildActionMask = 2147483647;
			files = (
			);
			runOnlyForDeploymentPostprocessing = 0;
		};
/* End PBXSourcesBuildPhase section */

/* Begin PBXTargetDependency section */
		D10000000000000000000007 /* PBXTargetDependency */ = {
			isa = PBXTargetDependency;
			target = BFCB65602F48FEF000CF07DA /* LoveSaving */;
			targetProxy = D10000000000000000000006 /* PBXContainerItemProxy */;
		};
		E10000000000000000000007 /* PBXTargetDependency */ = {
			isa = PBXTargetDependency;
			target = BFCB65602F48FEF000CF07DA /* LoveSaving */;
			targetProxy = E10000000000000000000006 /* PBXContainerItemProxy */;
		};
/* End PBXTargetDependency section */

/* Begin XCBuildConfiguration section */
		BFCB656A2F48FEF200CF07DA /* Debug */ = {
			isa = XCBuildConfiguration;
			buildSettings = {
				ALWAYS_SEARCH_USER_PATHS = NO;
				ASSETCATALOG_COMPILER_GENERATE_SWIFT_ASSET_SYMBOL_EXTENSIONS = YES;
				CLANG_ANALYZER_NONNULL = YES;
				CLANG_ANALYZER_NUMBER_OBJECT_CONVERSION = YES_AGGRESSIVE;
				CLANG_CXX_LANGUAGE_STANDARD = "gnu++20";
				CLANG_ENABLE_MODULES = YES;
				CLANG_ENABLE_OBJC_ARC = YES;
				CLANG_ENABLE_OBJC_WEAK = YES;
				CLANG_WARN_BLOCK_CAPTURE_AUTORELEASING = YES;
				CLANG_WARN_BOOL_CONVERSION = YES;
				CLANG_WARN_COMMA = YES;
				CLANG_WARN_CONSTANT_CONVERSION = YES;
				CLANG_WARN_DEPRECATED_OBJC_IMPLEMENTATIONS = YES;
				CLANG_WARN_DIRECT_OBJC_ISA_USAGE = YES_ERROR;
				CLANG_WARN_DOCUMENTATION_COMMENTS = YES;
				CLANG_WARN_EMPTY_BODY = YES;
				CLANG_WARN_ENUM_CONVERSION = YES;
				CLANG_WARN_INFINITE_RECURSION = YES;
				CLANG_WARN_INT_CONVERSION = YES;
				CLANG_WARN_NON_LITERAL_NULL_CONVERSION = YES;
				CLANG_WARN_OBJC_IMPLICIT_RETAIN_SELF = YES;
				CLANG_WARN_OBJC_LITERAL_CONVERSION = YES;
				CLANG_WARN_OBJC_ROOT_CLASS = YES_ERROR;
				CLANG_WARN_QUOTED_INCLUDE_IN_FRAMEWORK_HEADER = YES;
				CLANG_WARN_RANGE_LOOP_ANALYSIS = YES;
				CLANG_WARN_STRICT_PROTOTYPES = YES;
				CLANG_WARN_SUSPICIOUS_MOVE = YES;
				CLANG_WARN_UNGUARDED_AVAILABILITY = YES_AGGRESSIVE;
				CLANG_WARN_UNREACHABLE_CODE = YES;
				CLANG_WARN__DUPLICATE_METHOD_MATCH = YES;
				COPY_PHASE_STRIP = NO;
				DEBUG_INFORMATION_FORMAT = "dwarf-with-dsym";
				DEVELOPMENT_TEAM = NU6Z4JA9HM;
				ENABLE_DEBUG_DYLIB = YES;
				ENABLE_STRICT_OBJC_MSGSEND = YES;
				ENABLE_TESTABILITY = YES;
				ENABLE_USER_SCRIPT_SANDBOXING = YES;
				GCC_C_LANGUAGE_STANDARD = gnu17;
				GCC_DYNAMIC_NO_PIC = NO;
				GCC_NO_COMMON_BLOCKS = YES;
				GCC_OPTIMIZATION_LEVEL = 0;
				GCC_PREPROCESSOR_DEFINITIONS = (
					"DEBUG=1",
					"$(inherited)",
				);
				GCC_WARN_64_TO_32_BIT_CONVERSION = YES;
				GCC_WARN_ABOUT_RETURN_TYPE = YES_ERROR;
				GCC_WARN_UNDECLARED_SELECTOR = YES;
				GCC_WARN_UNINITIALIZED_AUTOS = YES_AGGRESSIVE;
				GCC_WARN_UNUSED_FUNCTION = YES;
				GCC_WARN_UNUSED_VARIABLE = YES;
				IPHONEOS_DEPLOYMENT_TARGET = 17.0;
				LOCALIZATION_PREFERS_STRING_CATALOGS = YES;
				MTL_ENABLE_DEBUG_INFO = INCLUDE_SOURCE;
				MTL_FAST_MATH = YES;
				ONLY_ACTIVE_ARCH = YES;
				SDKROOT = iphoneos;
				SWIFT_ACTIVE_COMPILATION_CONDITIONS = "DEBUG $(inherited)";
				SWIFT_OPTIMIZATION_LEVEL = "-Onone";
			};
			name = Debug;
		};
		BFCB656B2F48FEF200CF07DA /* Release */ = {
			isa = XCBuildConfiguration;
			buildSettings = {
				ALWAYS_SEARCH_USER_PATHS = NO;
				ASSETCATALOG_COMPILER_GENERATE_SWIFT_ASSET_SYMBOL_EXTENSIONS = YES;
				CLANG_ANALYZER_NONNULL = YES;
				CLANG_ANALYZER_NUMBER_OBJECT_CONVERSION = YES_AGGRESSIVE;
				CLANG_CXX_LANGUAGE_STANDARD = "gnu++20";
				CLANG_ENABLE_MODULES = YES;
				CLANG_ENABLE_OBJC_ARC = YES;
				CLANG_ENABLE_OBJC_WEAK = YES;
				CLANG_WARN_BLOCK_CAPTURE_AUTORELEASING = YES;
				CLANG_WARN_BOOL_CONVERSION = YES;
				CLANG_WARN_COMMA = YES;
				CLANG_WARN_CONSTANT_CONVERSION = YES;
				CLANG_WARN_DEPRECATED_OBJC_IMPLEMENTATIONS = YES;
				CLANG_WARN_DIRECT_OBJC_ISA_USAGE = YES_ERROR;
				CLANG_WARN_DOCUMENTATION_COMMENTS = YES;
				CLANG_WARN_EMPTY_BODY = YES;
				CLANG_WARN_ENUM_CONVERSION = YES;
				CLANG_WARN_INFINITE_RECURSION = YES;
				CLANG_WARN_INT_CONVERSION = YES;
				CLANG_WARN_NON_LITERAL_NULL_CONVERSION = YES;
				CLANG_WARN_OBJC_IMPLICIT_RETAIN_SELF = YES;
				CLANG_WARN_OBJC_LITERAL_CONVERSION = YES;
				CLANG_WARN_OBJC_ROOT_CLASS = YES_ERROR;
				CLANG_WARN_QUOTED_INCLUDE_IN_FRAMEWORK_HEADER = YES;
				CLANG_WARN_RANGE_LOOP_ANALYSIS = YES;
				CLANG_WARN_STRICT_PROTOTYPES = YES;
				CLANG_WARN_SUSPICIOUS_MOVE = YES;
				CLANG_WARN_UNGUARDED_AVAILABILITY = YES_AGGRESSIVE;
				CLANG_WARN_UNREACHABLE_CODE = YES;
				CLANG_WARN__DUPLICATE_METHOD_MATCH = YES;
				COPY_PHASE_STRIP = NO;
				DEBUG_INFORMATION_FORMAT = "dwarf-with-dsym";
				DEVELOPMENT_TEAM = NU6Z4JA9HM;
				ENABLE_DEBUG_DYLIB = YES;
				ENABLE_NS_ASSERTIONS = NO;
				ENABLE_STRICT_OBJC_MSGSEND = YES;
				ENABLE_USER_SCRIPT_SANDBOXING = YES;
				GCC_C_LANGUAGE_STANDARD = gnu17;
				GCC_NO_COMMON_BLOCKS = YES;
				GCC_WARN_64_TO_32_BIT_CONVERSION = YES;
				GCC_WARN_ABOUT_RETURN_TYPE = YES_ERROR;
				GCC_WARN_UNDECLARED_SELECTOR = YES;
				GCC_WARN_UNINITIALIZED_AUTOS = YES_AGGRESSIVE;
				GCC_WARN_UNUSED_FUNCTION = YES;
				GCC_WARN_UNUSED_VARIABLE = YES;
				IPHONEOS_DEPLOYMENT_TARGET = 17.0;
				LOCALIZATION_PREFERS_STRING_CATALOGS = YES;
				MTL_ENABLE_DEBUG_INFO = NO;
				MTL_FAST_MATH = YES;
				SDKROOT = iphoneos;
				SWIFT_COMPILATION_MODE = wholemodule;
				VALIDATE_PRODUCT = YES;
			};
			name = Release;
		};
		BFCB656D2F48FEF200CF07DA /* Debug */ = {
			isa = XCBuildConfiguration;
			buildSettings = {
				ASSETCATALOG_COMPILER_APPICON_NAME = AppIcon;
				ASSETCATALOG_COMPILER_GLOBAL_ACCENT_COLOR_NAME = AccentColor;
				CODE_SIGN_STYLE = Automatic;
				CURRENT_PROJECT_VERSION = 1;
				DEVELOPMENT_TEAM = NU6Z4JA9HM;
				ENABLE_PREVIEWS = YES;
				GENERATE_INFOPLIST_FILE = YES;
				INFOPLIST_KEY_AI_INSIGHTS_BASE_URL = "";
				INFOPLIST_KEY_NSLocationWhenInUseUsageDescription = "LoveSaving uses your location to tag journey events and show them on map.";
				INFOPLIST_KEY_UIApplicationSceneManifest_Generation = YES;
				INFOPLIST_KEY_UIApplicationSupportsIndirectInputEvents = YES;
				INFOPLIST_KEY_UILaunchScreen_Generation = YES;
				INFOPLIST_KEY_UISupportedInterfaceOrientations_iPad = "UIInterfaceOrientationPortrait UIInterfaceOrientationPortraitUpsideDown UIInterfaceOrientationLandscapeLeft UIInterfaceOrientationLandscapeRight";
				INFOPLIST_KEY_UISupportedInterfaceOrientations_iPhone = "UIInterfaceOrientationPortrait UIInterfaceOrientationLandscapeLeft UIInterfaceOrientationLandscapeRight";
				LD_RUNPATH_SEARCH_PATHS = (
					"$(inherited)",
					"@executable_path/Frameworks",
				);
				MARKETING_VERSION = 0.5.0;
				PRODUCT_BUNDLE_IDENTIFIER = "iOS-S26.LoveSaving";
				PRODUCT_NAME = "$(TARGET_NAME)";
				STRING_CATALOG_GENERATE_SYMBOLS = YES;
				SUPPORTED_PLATFORMS = "iphoneos iphonesimulator";
				SUPPORTS_MACCATALYST = NO;
				SUPPORTS_MAC_DESIGNED_FOR_IPHONE_IPAD = NO;
				SUPPORTS_XR_DESIGNED_FOR_IPHONE_IPAD = NO;
				SWIFT_APPROACHABLE_CONCURRENCY = YES;
				SWIFT_DEFAULT_ACTOR_ISOLATION = MainActor;
				SWIFT_EMIT_LOC_STRINGS = YES;
				SWIFT_UPCOMING_FEATURE_MEMBER_IMPORT_VISIBILITY = YES;
				SWIFT_VERSION = 5.0;
				TARGETED_DEVICE_FAMILY = 1;
			};
			name = Debug;
		};
		BFCB656E2F48FEF200CF07DA /* Release */ = {
			isa = XCBuildConfiguration;
			buildSettings = {
				ASSETCATALOG_COMPILER_APPICON_NAME = AppIcon;
				ASSETCATALOG_COMPILER_GLOBAL_ACCENT_COLOR_NAME = AccentColor;
				CODE_SIGN_STYLE = Automatic;
				CURRENT_PROJECT_VERSION = 1;
				DEVELOPMENT_TEAM = NU6Z4JA9HM;
				ENABLE_PREVIEWS = YES;
				GENERATE_INFOPLIST_FILE = YES;
				INFOPLIST_KEY_AI_INSIGHTS_BASE_URL = "";
				INFOPLIST_KEY_NSLocationWhenInUseUsageDescription = "LoveSaving uses your location to tag journey events and show them on map.";
				INFOPLIST_KEY_UIApplicationSceneManifest_Generation = YES;
				INFOPLIST_KEY_UIApplicationSupportsIndirectInputEvents = YES;
				INFOPLIST_KEY_UILaunchScreen_Generation = YES;
				INFOPLIST_KEY_UISupportedInterfaceOrientations_iPad = "UIInterfaceOrientationPortrait UIInterfaceOrientationPortraitUpsideDown UIInterfaceOrientationLandscapeLeft UIInterfaceOrientationLandscapeRight";
				INFOPLIST_KEY_UISupportedInterfaceOrientations_iPhone = "UIInterfaceOrientationPortrait UIInterfaceOrientationLandscapeLeft UIInterfaceOrientationLandscapeRight";
				LD_RUNPATH_SEARCH_PATHS = (
					"$(inherited)",
					"@executable_path/Frameworks",
				);
				MARKETING_VERSION = 0.5.0;
				PRODUCT_BUNDLE_IDENTIFIER = "iOS-S26.LoveSaving";
				PRODUCT_NAME = "$(TARGET_NAME)";
				STRING_CATALOG_GENERATE_SYMBOLS = YES;
				SUPPORTED_PLATFORMS = "iphoneos iphonesimulator";
				SUPPORTS_MACCATALYST = NO;
				SUPPORTS_MAC_DESIGNED_FOR_IPHONE_IPAD = NO;
				SUPPORTS_XR_DESIGNED_FOR_IPHONE_IPAD = NO;
				SWIFT_APPROACHABLE_CONCURRENCY = YES;
				SWIFT_DEFAULT_ACTOR_ISOLATION = MainActor;
				SWIFT_EMIT_LOC_STRINGS = YES;
				SWIFT_UPCOMING_FEATURE_MEMBER_IMPORT_VISIBILITY = YES;
				SWIFT_VERSION = 5.0;
				TARGETED_DEVICE_FAMILY = 1;
			};
			name = Release;
		};
		D10000000000000000000010 /* Debug */ = {
			isa = XCBuildConfiguration;
			buildSettings = {
				BUNDLE_LOADER = "$(TEST_HOST)";
				CODE_SIGNING_ALLOWED = NO;
				CODE_SIGN_STYLE = Automatic;
				CURRENT_PROJECT_VERSION = 1;
				DEVELOPMENT_TEAM = NU6Z4JA9HM;
				GENERATE_INFOPLIST_FILE = YES;
				IPHONEOS_DEPLOYMENT_TARGET = 17.0;
				LD_RUNPATH_SEARCH_PATHS = (
					"$(inherited)",
					"@executable_path/Frameworks",
					"@loader_path/Frameworks",
				);
				MARKETING_VERSION = 0.5.0;
				PRODUCT_BUNDLE_IDENTIFIER = "iOS-S26.LoveSavingTests";
				PRODUCT_NAME = "$(TARGET_NAME)";
				SWIFT_APPROACHABLE_CONCURRENCY = YES;
				SWIFT_DEFAULT_ACTOR_ISOLATION = MainActor;
				SWIFT_UPCOMING_FEATURE_MEMBER_IMPORT_VISIBILITY = YES;
				SWIFT_VERSION = 5.0;
				TARGETED_DEVICE_FAMILY = "1,2";
				TEST_HOST = "$(BUILT_PRODUCTS_DIR)/LoveSaving.app/$(BUNDLE_EXECUTABLE_FOLDER_PATH)/LoveSaving";
				TEST_TARGET_NAME = LoveSaving;
			};
			name = Debug;
		};
		D10000000000000000000011 /* Release */ = {
			isa = XCBuildConfiguration;
			buildSettings = {
				BUNDLE_LOADER = "$(TEST_HOST)";
				CODE_SIGNING_ALLOWED = NO;
				CODE_SIGN_STYLE = Automatic;
				CURRENT_PROJECT_VERSION = 1;
				DEVELOPMENT_TEAM = NU6Z4JA9HM;
				GENERATE_INFOPLIST_FILE = YES;
				IPHONEOS_DEPLOYMENT_TARGET = 17.0;
				LD_RUNPATH_SEARCH_PATHS = (
					"$(inherited)",
					"@executable_path/Frameworks",
					"@loader_path/Frameworks",
				);
				MARKETING_VERSION = 0.5.0;
				PRODUCT_BUNDLE_IDENTIFIER = "iOS-S26.LoveSavingTests";
				PRODUCT_NAME = "$(TARGET_NAME)";
				SWIFT_APPROACHABLE_CONCURRENCY = YES;
				SWIFT_DEFAULT_ACTOR_ISOLATION = MainActor;
				SWIFT_UPCOMING_FEATURE_MEMBER_IMPORT_VISIBILITY = YES;
				SWIFT_VERSION = 5.0;
				TARGETED_DEVICE_FAMILY = "1,2";
				TEST_HOST = "$(BUILT_PRODUCTS_DIR)/LoveSaving.app/$(BUNDLE_EXECUTABLE_FOLDER_PATH)/LoveSaving";
				TEST_TARGET_NAME = LoveSaving;
			};
			name = Release;
		};
		E10000000000000000000010 /* Debug */ = {
			isa = XCBuildConfiguration;
			buildSettings = {
				CODE_SIGNING_ALLOWED = NO;
				CODE_SIGN_STYLE = Automatic;
				CURRENT_PROJECT_VERSION = 1;
				DEVELOPMENT_TEAM = NU6Z4JA9HM;
				GENERATE_INFOPLIST_FILE = YES;
				IPHONEOS_DEPLOYMENT_TARGET = 17.0;
				LD_RUNPATH_SEARCH_PATHS = (
					"$(inherited)",
					"@executable_path/Frameworks",
				);
				MARKETING_VERSION = 0.5.0;
				PRODUCT_BUNDLE_IDENTIFIER = "iOS-S26.LoveSavingUITests";
				PRODUCT_NAME = "$(TARGET_NAME)";
				SWIFT_APPROACHABLE_CONCURRENCY = YES;
				SWIFT_DEFAULT_ACTOR_ISOLATION = MainActor;
				SWIFT_UPCOMING_FEATURE_MEMBER_IMPORT_VISIBILITY = YES;
				SWIFT_VERSION = 5.0;
				TARGETED_DEVICE_FAMILY = "1,2";
				TEST_TARGET_NAME = LoveSaving;
			};
			name = Debug;
		};
		E10000000000000000000011 /* Release */ = {
			isa = XCBuildConfiguration;
			buildSettings = {
				CODE_SIGNING_ALLOWED = NO;
				CODE_SIGN_STYLE = Automatic;
				CURRENT_PROJECT_VERSION = 1;
				DEVELOPMENT_TEAM = NU6Z4JA9HM;
				GENERATE_INFOPLIST_FILE = YES;
				IPHONEOS_DEPLOYMENT_TARGET = 17.0;
				LD_RUNPATH_SEARCH_PATHS = (
					"$(inherited)",
					"@executable_path/Frameworks",
				);
				MARKETING_VERSION = 0.5.0;
				PRODUCT_BUNDLE_IDENTIFIER = "iOS-S26.LoveSavingUITests";
				PRODUCT_NAME = "$(TARGET_NAME)";
				SWIFT_APPROACHABLE_CONCURRENCY = YES;
				SWIFT_DEFAULT_ACTOR_ISOLATION = MainActor;
				SWIFT_UPCOMING_FEATURE_MEMBER_IMPORT_VISIBILITY = YES;
				SWIFT_VERSION = 5.0;
				TARGETED_DEVICE_FAMILY = "1,2";
				TEST_TARGET_NAME = LoveSaving;
			};
			name = Release;
		};
/* End XCBuildConfiguration section */

/* Begin XCConfigurationList section */
		BFCB655C2F48FEF000CF07DA /* Build configuration list for PBXProject "LoveSaving" */ = {
			isa = XCConfigurationList;
			buildConfigurations = (
				BFCB656A2F48FEF200CF07DA /* Debug */,
				BFCB656B2F48FEF200CF07DA /* Release */,
			);
			defaultConfigurationIsVisible = 0;
			defaultConfigurationName = Release;
		};
		BFCB656C2F48FEF200CF07DA /* Build configuration list for PBXNativeTarget "LoveSaving" */ = {
			isa = XCConfigurationList;
			buildConfigurations = (
				BFCB656D2F48FEF200CF07DA /* Debug */,
				BFCB656E2F48FEF200CF07DA /* Release */,
			);
			defaultConfigurationIsVisible = 0;
			defaultConfigurationName = Release;
		};
		D10000000000000000000009 /* Build configuration list for PBXNativeTarget "LoveSavingTests" */ = {
			isa = XCConfigurationList;
			buildConfigurations = (
				D10000000000000000000010 /* Debug */,
				D10000000000000000000011 /* Release */,
			);
			defaultConfigurationIsVisible = 0;
			defaultConfigurationName = Release;
		};
		E10000000000000000000009 /* Build configuration list for PBXNativeTarget "LoveSavingUITests" */ = {
			isa = XCConfigurationList;
			buildConfigurations = (
				E10000000000000000000010 /* Debug */,
				E10000000000000000000011 /* Release */,
			);
			defaultConfigurationIsVisible = 0;
			defaultConfigurationName = Release;
		};
/* End XCConfigurationList section */

/* Begin XCRemoteSwiftPackageReference section */
		C10000000000000000000001 /* XCRemoteSwiftPackageReference "firebase-ios-sdk" */ = {
			isa = XCRemoteSwiftPackageReference;
			repositoryURL = "https://github.com/firebase/firebase-ios-sdk.git";
			requirement = {
				kind = upToNextMajorVersion;
				minimumVersion = 11.0.0;
			};
		};
		C20000000000000000000000 /* XCRemoteSwiftPackageReference "lottie-spm" */ = {
			isa = XCRemoteSwiftPackageReference;
			repositoryURL = "https://github.com/airbnb/lottie-spm.git";
			requirement = {
				kind = upToNextMajorVersion;
				minimumVersion = 4.6.0;
			};
		};
/* End XCRemoteSwiftPackageReference section */

/* Begin XCSwiftPackageProductDependency section */
		C10000000000000000000011 /* FirebaseCore */ = {
			isa = XCSwiftPackageProductDependency;
			package = C10000000000000000000001 /* XCRemoteSwiftPackageReference "firebase-ios-sdk" */;
			productName = FirebaseCore;
		};
		C10000000000000000000012 /* FirebaseAuth */ = {
			isa = XCSwiftPackageProductDependency;
			package = C10000000000000000000001 /* XCRemoteSwiftPackageReference "firebase-ios-sdk" */;
			productName = FirebaseAuth;
		};
		C10000000000000000000013 /* FirebaseFirestore */ = {
			isa = XCSwiftPackageProductDependency;
			package = C10000000000000000000001 /* XCRemoteSwiftPackageReference "firebase-ios-sdk" */;
			productName = FirebaseFirestore;
		};
		C10000000000000000000015 /* FirebaseMessaging */ = {
			isa = XCSwiftPackageProductDependency;
			package = C10000000000000000000001 /* XCRemoteSwiftPackageReference "firebase-ios-sdk" */;
			productName = FirebaseMessaging;
		};
		C10000000000000000000016 /* FirebaseFunctions */ = {
			isa = XCSwiftPackageProductDependency;
			package = C10000000000000000000001 /* XCRemoteSwiftPackageReference "firebase-ios-sdk" */;
			productName = FirebaseFunctions;
		};
		C10000000000000000000017 /* FirebaseStorage */ = {
			isa = XCSwiftPackageProductDependency;
			package = C10000000000000000000001 /* XCRemoteSwiftPackageReference "firebase-ios-sdk" */;
			productName = FirebaseStorage;
		};
		C10000000000000000000018 /* FirebaseCrashlytics */ = {
			isa = XCSwiftPackageProductDependency;
			package = C10000000000000000000001 /* XCRemoteSwiftPackageReference "firebase-ios-sdk" */;
			productName = FirebaseCrashlytics;
		};
		C10000000000000000000019 /* FirebasePerformance */ = {
			isa = XCSwiftPackageProductDependency;
			package = C10000000000000000000001 /* XCRemoteSwiftPackageReference "firebase-ios-sdk" */;
			productName = FirebasePerformance;
		};
		C20000000000000000000001 /* Lottie */ = {
			isa = XCSwiftPackageProductDependency;
			package = C20000000000000000000000 /* XCRemoteSwiftPackageReference "lottie-spm" */;
			productName = Lottie;
		};
/* End XCSwiftPackageProductDependency section */
	};
	rootObject = BFCB65592F48FEF000CF07DA /* Project object */;
}
